// !$*UTF8*$!
{
	archiveVersion = 1;
	classes = {
	};
	objectVersion = 50;
	objects = {

/* Begin PBXBuildFile section */
		B90D94EE23BA6E8B00961CFE /* alfred.swift in Sources */ = {isa = PBXBuildFile; fileRef = B90D94ED23BA6E8B00961CFE /* alfred.swift */; };
		B95BEE24225F1E7C008C1DB1 /* main.swift in Sources */ = {isa = PBXBuildFile; fileRef = B95BEE23225F1E7C008C1DB1 /* main.swift */; };
		B95BEE2B225F1E9C008C1DB1 /* golinks.swift in Sources */ = {isa = PBXBuildFile; fileRef = B95BEE2A225F1E9C008C1DB1 /* golinks.swift */; };
		B9B6398023BA1D1D008A21C0 /* args.swift in Sources */ = {isa = PBXBuildFile; fileRef = B9B6397F23BA1D1D008A21C0 /* args.swift */; };
		B9B6398223BA1DC4008A21C0 /* parser.swift in Sources */ = {isa = PBXBuildFile; fileRef = B9B6398123BA1DC4008A21C0 /* parser.swift */; };
		B9D0F62322624B4100F3092A /* string-search.swift in Sources */ = {isa = PBXBuildFile; fileRef = B9D0F62222624B4100F3092A /* string-search.swift */; };
/* End PBXBuildFile section */

/* Begin PBXCopyFilesBuildPhase section */
		B95BEE1E225F1E7C008C1DB1 /* CopyFiles */ = {
			isa = PBXCopyFilesBuildPhase;
			buildActionMask = 2147483647;
			dstPath = /usr/share/man/man1/;
			dstSubfolderSpec = 0;
			files = (
			);
			runOnlyForDeploymentPostprocessing = 1;
		};
/* End PBXCopyFilesBuildPhase section */

/* Begin PBXFileReference section */
		B90D94ED23BA6E8B00961CFE /* alfred.swift */ = {isa = PBXFileReference; lastKnownFileType = sourcecode.swift; path = alfred.swift; sourceTree = "<group>"; };
		B95BEE20225F1E7C008C1DB1 /* golink */ = {isa = PBXFileReference; explicitFileType = "compiled.mach-o.executable"; includeInIndex = 0; path = golink; sourceTree = BUILT_PRODUCTS_DIR; };
		B95BEE23225F1E7C008C1DB1 /* main.swift */ = {isa = PBXFileReference; lastKnownFileType = sourcecode.swift; path = main.swift; sourceTree = "<group>"; };
		B95BEE2A225F1E9C008C1DB1 /* golinks.swift */ = {isa = PBXFileReference; lastKnownFileType = sourcecode.swift; path = golinks.swift; sourceTree = "<group>"; };
		B9B6397F23BA1D1D008A21C0 /* args.swift */ = {isa = PBXFileReference; lastKnownFileType = sourcecode.swift; path = args.swift; sourceTree = "<group>"; };
		B9B6398123BA1DC4008A21C0 /* parser.swift */ = {isa = PBXFileReference; lastKnownFileType = sourcecode.swift; path = parser.swift; sourceTree = "<group>"; };
		B9D0F62222624B4100F3092A /* string-search.swift */ = {isa = PBXFileReference; lastKnownFileType = sourcecode.swift; path = "string-search.swift"; sourceTree = "<group>"; };
/* End PBXFileReference section */

/* Begin PBXFrameworksBuildPhase section */
		B95BEE1D225F1E7C008C1DB1 /* Frameworks */ = {
			isa = PBXFrameworksBuildPhase;
			buildActionMask = 2147483647;
			files = (
			);
			runOnlyForDeploymentPostprocessing = 0;
		};
/* End PBXFrameworksBuildPhase section */

/* Begin PBXGroup section */
		B95BEE17225F1E7C008C1DB1 = {
			isa = PBXGroup;
			children = (
				B95BEE22225F1E7C008C1DB1 /* golink */,
				B95BEE21225F1E7C008C1DB1 /* Products */,
			);
			sourceTree = "<group>";
		};
		B95BEE21225F1E7C008C1DB1 /* Products */ = {
			isa = PBXGroup;
			children = (
				B95BEE20225F1E7C008C1DB1 /* golink */,
			);
			name = Products;
			sourceTree = "<group>";
		};
		B95BEE22225F1E7C008C1DB1 /* golink */ = {
			isa = PBXGroup;
			children = (
				B95BEE23225F1E7C008C1DB1 /* main.swift */,
				B95BEE2A225F1E9C008C1DB1 /* golinks.swift */,
				B9D0F62222624B4100F3092A /* string-search.swift */,
				B9B6397F23BA1D1D008A21C0 /* args.swift */,
				B9B6398123BA1DC4008A21C0 /* parser.swift */,
				B90D94ED23BA6E8B00961CFE /* alfred.swift */,
			);
			path = golink;
			sourceTree = "<group>";
		};
/* End PBXGroup section */

/* Begin PBXNativeTarget section */
		B95BEE1F225F1E7C008C1DB1 /* golink */ = {
			isa = PBXNativeTarget;
			buildConfigurationList = B95BEE27225F1E7C008C1DB1 /* Build configuration list for PBXNativeTarget "golink" */;
			buildPhases = (
				B95BEE1C225F1E7C008C1DB1 /* Sources */,
				B95BEE1D225F1E7C008C1DB1 /* Frameworks */,
				B95BEE1E225F1E7C008C1DB1 /* CopyFiles */,
			);
			buildRules = (
			);
			dependencies = (
			);
			name = golink;
			productName = golink;
			productReference = B95BEE20225F1E7C008C1DB1 /* golink */;
			productType = "com.apple.product-type.tool";
		};
/* End PBXNativeTarget section */

/* Begin PBXProject section */
		B95BEE18225F1E7C008C1DB1 /* Project object */ = {
			isa = PBXProject;
			attributes = {
				LastSwiftUpdateCheck = 1010;
				LastUpgradeCheck = 1010;
				ORGANIZATIONNAME = Benzi;
				TargetAttributes = {
					B95BEE1F225F1E7C008C1DB1 = {
						CreatedOnToolsVersion = 10.1;
					};
				};
			};
			buildConfigurationList = B95BEE1B225F1E7C008C1DB1 /* Build configuration list for PBXProject "golink" */;
			compatibilityVersion = "Xcode 9.3";
			developmentRegion = en;
			hasScannedForEncodings = 0;
			knownRegions = (
				en,
			);
			mainGroup = B95BEE17225F1E7C008C1DB1;
			productRefGroup = B95BEE21225F1E7C008C1DB1 /* Products */;
			projectDirPath = "";
			projectRoot = "";
			targets = (
				B95BEE1F225F1E7C008C1DB1 /* golink */,
			);
		};
/* End PBXProject section */

/* Begin PBXSourcesBuildPhase section */
		B95BEE1C225F1E7C008C1DB1 /* Sources */ = {
			isa = PBXSourcesBuildPhase;
			buildActionMask = 2147483647;
			files = (
				B95BEE2B225F1E9C008C1DB1 /* golinks.swift in Sources */,
				B90D94EE23BA6E8B00961CFE /* alfred.swift in Sources */,
				B95BEE24225F1E7C008C1DB1 /* main.swift in Sources */,
				B9B6398023BA1D1D008A21C0 /* args.swift in Sources */,
				B9B6398223BA1DC4008A21C0 /* parser.swift in Sources */,
				B9D0F62322624B4100F3092A /* string-search.swift in Sources */,
			);
			runOnlyForDeploymentPostprocessing = 0;
		};
/* End PBXSourcesBuildPhase section */

/* Begin XCBuildConfiguration section */
		B95BEE25225F1E7C008C1DB1 /* Debug */ = {
			isa = XCBuildConfiguration;
			buildSettings = {
				ALWAYS_SEARCH_USER_PATHS = NO;
				CLANG_ANALYZER_NONNULL = YES;
				CLANG_ANALYZER_NUMBER_OBJECT_CONVERSION = YES_AGGRESSIVE;
				CLANG_CXX_LANGUAGE_STANDARD = "gnu++14";
				CLANG_CXX_LIBRARY = "libc++";
				CLANG_ENABLE_MODULES = YES;
				CLANG_ENABLE_OBJC_ARC = YES;
				CLANG_ENABLE_OBJC_WEAK = YES;
				CLANG_WARN_BLOCK_CAPTURE_AUTORELEASING = YES;
				CLANG_WARN_BOOL_CONVERSION = YES;
				CLANG_WARN_COMMA = YES;
				CLANG_WARN_CONSTANT_CONVERSION = YES;
				CLANG_WARN_DEPRECATED_OBJC_IMPLEMENTATIONS = YES;
				CLANG_WARN_DIRECT_OBJC_ISA_USAGE = YES_ERROR;
				CLANG_WARN_DOCUMENTATION_COMMENTS = YES;
				CLANG_WARN_EMPTY_BODY = YES;
				CLANG_WARN_ENUM_CONVERSION = YES;
				CLANG_WARN_INFINITE_RECURSION = YES;
				CLANG_WARN_INT_CONVERSION = YES;
				CLANG_WARN_NON_LITERAL_NULL_CONVERSION = YES;
				CLANG_WARN_OBJC_IMPLICIT_RETAIN_SELF = YES;
				CLANG_WARN_OBJC_LITERAL_CONVERSION = YES;
				CLANG_WARN_OBJC_ROOT_CLASS = YES_ERROR;
				CLANG_WARN_RANGE_LOOP_ANALYSIS = YES;
				CLANG_WARN_STRICT_PROTOTYPES = YES;
				CLANG_WARN_SUSPICIOUS_MOVE = YES;
				CLANG_WARN_UNGUARDED_AVAILABILITY = YES_AGGRESSIVE;
				CLANG_WARN_UNREACHABLE_CODE = YES;
				CLANG_WARN__DUPLICATE_METHOD_MATCH = YES;
				CODE_SIGN_IDENTITY = "-";
				COPY_PHASE_STRIP = NO;
				DEBUG_INFORMATION_FORMAT = dwarf;
				ENABLE_STRICT_OBJC_MSGSEND = YES;
				ENABLE_TESTABILITY = YES;
				GCC_C_LANGUAGE_STANDARD = gnu11;
				GCC_DYNAMIC_NO_PIC = NO;
				GCC_NO_COMMON_BLOCKS = YES;
				GCC_OPTIMIZATION_LEVEL = 0;
				GCC_PREPROCESSOR_DEFINITIONS = (
					"DEBUG=1",
					"$(inherited)",
				);
				GCC_WARN_64_TO_32_BIT_CONVERSION = YES;
				GCC_WARN_ABOUT_RETURN_TYPE = YES_ERROR;
				GCC_WARN_UNDECLARED_SELECTOR = YES;
				GCC_WARN_UNINITIALIZED_AUTOS = YES_AGGRESSIVE;
				GCC_WARN_UNUSED_FUNCTION = YES;
				GCC_WARN_UNUSED_VARIABLE = YES;
				MACOSX_DEPLOYMENT_TARGET = 10.14;
				MTL_ENABLE_DEBUG_INFO = INCLUDE_SOURCE;
				MTL_FAST_MATH = YES;
				ONLY_ACTIVE_ARCH = YES;
				SDKROOT = macosx;
				SWIFT_ACTIVE_COMPILATION_CONDITIONS = DEBUG;
				SWIFT_OPTIMIZATION_LEVEL = "-Onone";
			};
			name = Debug;
		};
		B95BEE26225F1E7C008C1DB1 /* Release */ = {
			isa = XCBuildConfiguration;
			buildSettings = {
				ALWAYS_SEARCH_USER_PATHS = NO;
				CLANG_ANALYZER_NONNULL = YES;
				CLANG_ANALYZER_NUMBER_OBJECT_CONVERSION = YES_AGGRESSIVE;
				CLANG_CXX_LANGUAGE_STANDARD = "gnu++14";
				CLANG_CXX_LIBRARY = "libc++";
				CLANG_ENABLE_MODULES = YES;
				CLANG_ENABLE_OBJC_ARC = YES;
				CLANG_ENABLE_OBJC_WEAK = YES;
				CLANG_WARN_BLOCK_CAPTURE_AUTORELEASING = YES;
				CLANG_WARN_BOOL_CONVERSION = YES;
				CLANG_WARN_COMMA = YES;
				CLANG_WARN_CONSTANT_CONVERSION = YES;
				CLANG_WARN_DEPRECATED_OBJC_IMPLEMENTATIONS = YES;
				CLANG_WARN_DIRECT_OBJC_ISA_USAGE = YES_ERROR;
				CLANG_WARN_DOCUMENTATION_COMMENTS = YES;
				CLANG_WARN_EMPTY_BODY = YES;
				CLANG_WARN_ENUM_CONVERSION = YES;
				CLANG_WARN_INFINITE_RECURSION = YES;
				CLANG_WARN_INT_CONVERSION = YES;
				CLANG_WARN_NON_LITERAL_NULL_CONVERSION = YES;
				CLANG_WARN_OBJC_IMPLICIT_RETAIN_SELF = YES;
				CLANG_WARN_OBJC_LITERAL_CONVERSION = YES;
				CLANG_WARN_OBJC_ROOT_CLASS = YES_ERROR;
				CLANG_WARN_RANGE_LOOP_ANALYSIS = YES;
				CLANG_WARN_STRICT_PROTOTYPES = YES;
				CLANG_WARN_SUSPICIOUS_MOVE = YES;
				CLANG_WARN_UNGUARDED_AVAILABILITY = YES_AGGRESSIVE;
				CLANG_WARN_UNREACHABLE_CODE = YES;
				CLANG_WARN__DUPLICATE_METHOD_MATCH = YES;
				CODE_SIGN_IDENTITY = "-";
				COPY_PHASE_STRIP = NO;
				DEBUG_INFORMATION_FORMAT = "dwarf-with-dsym";
				ENABLE_NS_ASSERTIONS = NO;
				ENABLE_STRICT_OBJC_MSGSEND = YES;
				GCC_C_LANGUAGE_STANDARD = gnu11;
				GCC_NO_COMMON_BLOCKS = YES;
				GCC_WARN_64_TO_32_BIT_CONVERSION = YES;
				GCC_WARN_ABOUT_RETURN_TYPE = YES_ERROR;
				GCC_WARN_UNDECLARED_SELECTOR = YES;
				GCC_WARN_UNINITIALIZED_AUTOS = YES_AGGRESSIVE;
				GCC_WARN_UNUSED_FUNCTION = YES;
				GCC_WARN_UNUSED_VARIABLE = YES;
				MACOSX_DEPLOYMENT_TARGET = 10.14;
				MTL_ENABLE_DEBUG_INFO = NO;
				MTL_FAST_MATH = YES;
				SDKROOT = macosx;
				SWIFT_COMPILATION_MODE = wholemodule;
				SWIFT_OPTIMIZATION_LEVEL = "-O";
			};
			name = Release;
		};
		B95BEE28225F1E7C008C1DB1 /* Debug */ = {
			isa = XCBuildConfiguration;
			buildSettings = {
				ALWAYS_EMBED_SWIFT_STANDARD_LIBRARIES = YES;
				CODE_SIGN_STYLE = Automatic;
				PRODUCT_NAME = "$(TARGET_NAME)";
				SWIFT_VERSION = 4.2;
			};
			name = Debug;
		};
		B95BEE29225F1E7C008C1DB1 /* Release */ = {
			isa = XCBuildConfiguration;
			buildSettings = {
				ALWAYS_EMBED_SWIFT_STANDARD_LIBRARIES = YES;
				CODE_SIGN_STYLE = Automatic;
				PRODUCT_NAME = "$(TARGET_NAME)";
				SWIFT_VERSION = 4.2;
			};
			name = Release;
		};
/* End XCBuildConfiguration section */

/* Begin XCConfigurationList section */
		B95BEE1B225F1E7C008C1DB1 /* Build configuration list for PBXProject "golink" */ = {
			isa = XCConfigurationList;
			buildConfigurations = (
				B95BEE25225F1E7C008C1DB1 /* Debug */,
				B95BEE26225F1E7C008C1DB1 /* Release */,
			);
			defaultConfigurationIsVisible = 0;
			defaultConfigurationName = Release;
		};
		B95BEE27225F1E7C008C1DB1 /* Build configuration list for PBXNativeTarget "golink" */ = {
			isa = XCConfigurationList;
			buildConfigurations = (
				B95BEE28225F1E7C008C1DB1 /* Debug */,
				B95BEE29225F1E7C008C1DB1 /* Release */,
			);
			defaultConfigurationIsVisible = 0;
			defaultConfigurationName = Release;
		};
/* End XCConfigurationList section */
	};
	rootObject = B95BEE18225F1E7C008C1DB1 /* Project object */;
}
